
Microsoft Visual Studio Solution File, Format Version 12.00
# Visual Studio 15
VisualStudioVersion = 15.0.28307.572
MinimumVisualStudioVersion = 10.0.40219.1
Project("{FAE04EC0-301F-11D3-BF4B-00C04F79EFBC}") = "CSharpAnfänger", "CSharpAnfänger\CSharpAnfänger.csproj", "{A4256011-1D8A-458A-9529-1BD6426885DC}"
EndProject
Project("{FAE04EC0-301F-11D3-BF4B-00C04F79EFBC}") = "Resultat", "Resultat\Resultat.csproj", "{0D1C0473-96EA-477F-B763-D9265AFF65E1}"
EndProject
Project("{FAE04EC0-301F-11D3-BF4B-00C04F79EFBC}") = "WindowsForms", "WindowsForms\WindowsForms.csproj", "{6540A071-3312-4451-A04C-22B65A9AC0C4}"
EndProject
Project("{FAE04EC0-301F-11D3-BF4B-00C04F79EFBC}") = "Wpf", "Wpf\Wpf.csproj", "{DF7EB425-0EBD-4504-84AB-71B84B9BF522}"
EndProject
Project("{FAE04EC0-301F-11D3-BF4B-00C04F79EFBC}") = "Autos", "Autos\Autos.csproj", "{A16EAFEE-AA20-422E-8EB7-D10FAC9057D7}"
EndProject
Project("{FAE04EC0-301F-11D3-BF4B-00C04F79EFBC}") = "Unternehmen", "Unternehmen\Unternehmen.csproj", "{D89FE27F-509E-49F1-83FA-88FC72236F97}"
EndProject
Project("{FAE04EC0-301F-11D3-BF4B-00C04F79EFBC}") = "Taschenrechner", "Taschenrechner\Taschenrechner.csproj", "{37082DD5-7969-4CB4-BEF4-80B1B034A81A}"
EndProject
Project("{FAE04EC0-301F-11D3-BF4B-00C04F79EFBC}") = "Taschenrechner2", "Taschenrechner2\Taschenrechner2.csproj", "{674E6913-DB42-4847-9B58-2FC6616047FF}"
EndProject
Global
	GlobalSection(SolutionConfigurationPlatforms) = preSolution
		Debug|Any CPU = Debug|Any CPU
		Release|Any CPU = Release|Any CPU
	EndGlobalSection
	GlobalSection(ProjectConfigurationPlatforms) = postSolution
		{A4256011-1D8A-458A-9529-1BD6426885DC}.Debug|Any CPU.ActiveCfg = Debug|Any CPU
		{A4256011-1D8A-458A-9529-1BD6426885DC}.Debug|Any CPU.Build.0 = Debug|Any CPU
		{A4256011-1D8A-458A-9529-1BD6426885DC}.Release|Any CPU.ActiveCfg = Release|Any CPU
		{A4256011-1D8A-458A-9529-1BD6426885DC}.Release|Any CPU.Build.0 = Release|Any CPU
		{0D1C0473-96EA-477F-B763-D9265AFF65E1}.Debug|Any CPU.ActiveCfg = Debug|Any CPU
		{0D1C0473-96EA-477F-B763-D9265AFF65E1}.Debug|Any CPU.Build.0 = Debug|Any CPU
		{0D1C0473-96EA-477F-B763-D9265AFF65E1}.Release|Any CPU.ActiveCfg = Release|Any CPU
		{0D1C0473-96EA-477F-B763-D9265AFF65E1}.Release|Any CPU.Build.0 = Release|Any CPU
		{6540A071-3312-4451-A04C-22B65A9AC0C4}.Debug|Any CPU.ActiveCfg = Debug|Any CPU
		{6540A071-3312-4451-A04C-22B65A9AC0C4}.Debug|Any CPU.Build.0 = Debug|Any CPU
		{6540A071-3312-4451-A04C-22B65A9AC0C4}.Release|Any CPU.ActiveCfg = Release|Any CPU
		{6540A071-3312-4451-A04C-22B65A9AC0C4}.Release|Any CPU.Build.0 = Release|Any CPU
		{DF7EB425-0EBD-4504-84AB-71B84B9BF522}.Debug|Any CPU.ActiveCfg = Debug|Any CPU
		{DF7EB425-0EBD-4504-84AB-71B84B9BF522}.Debug|Any CPU.Build.0 = Debug|Any CPU
		{DF7EB425-0EBD-4504-84AB-71B84B9BF522}.Release|Any CPU.ActiveCfg = Release|Any CPU
		{DF7EB425-0EBD-4504-84AB-71B84B9BF522}.Release|Any CPU.Build.0 = Release|Any CPU
		{A16EAFEE-AA20-422E-8EB7-D10FAC9057D7}.Debug|Any CPU.ActiveCfg = Debug|Any CPU
		{A16EAFEE-AA20-422E-8EB7-D10FAC9057D7}.Debug|Any CPU.Build.0 = Debug|Any CPU
		{A16EAFEE-AA20-422E-8EB7-D10FAC9057D7}.Release|Any CPU.ActiveCfg = Release|Any CPU
		{A16EAFEE-AA20-422E-8EB7-D10FAC9057D7}.Release|Any CPU.Build.0 = Release|Any CPU
		{D89FE27F-509E-49F1-83FA-88FC72236F97}.Debug|Any CPU.ActiveCfg = Debug|Any CPU
		{D89FE27F-509E-49F1-83FA-88FC72236F97}.Debug|Any CPU.Build.0 = Debug|Any CPU
		{D89FE27F-509E-49F1-83FA-88FC72236F97}.Release|Any CPU.ActiveCfg = Release|Any CPU
		{D89FE27F-509E-49F1-83FA-88FC72236F97}.Release|Any CPU.Build.0 = Release|Any CPU
		{37082DD5-7969-4CB4-BEF4-80B1B034A81A}.Debug|Any CPU.ActiveCfg = Debug|Any CPU
		{37082DD5-7969-4CB4-BEF4-80B1B034A81A}.Debug|Any CPU.Build.0 = Debug|Any CPU
		{37082DD5-7969-4CB4-BEF4-80B1B034A81A}.Release|Any CPU.ActiveCfg = Release|Any CPU
		{37082DD5-7969-4CB4-BEF4-80B1B034A81A}.Release|Any CPU.Build.0 = Release|Any CPU
		{674E6913-DB42-4847-9B58-2FC6616047FF}.Debug|Any CPU.ActiveCfg = Debug|Any CPU
		{674E6913-DB42-4847-9B58-2FC6616047FF}.Debug|Any CPU.Build.0 = Debug|Any CPU
		{674E6913-DB42-4847-9B58-2FC6616047FF}.Release|Any CPU.ActiveCfg = Release|Any CPU
		{674E6913-DB42-4847-9B58-2FC6616047FF}.Release|Any CPU.Build.0 = Release|Any CPU
	EndGlobalSection
	GlobalSection(SolutionProperties) = preSolution
		HideSolutionNode = FALSE
	EndGlobalSection
	GlobalSection(ExtensibilityGlobals) = postSolution
		SolutionGuid = {04576797-0486-4952-A0B7-CC58BA0384B8}
	EndGlobalSection
EndGlobal
